
Microsoft Visual Studio Solution File, Format Version 12.00
# Visual Studio Version 17
VisualStudioVersion = 17.13.35806.99
MinimumVisualStudioVersion = 10.0.40219.1
Project("{FAE04EC0-301F-11D3-BF4B-00C04F79EFBC}") = "entity", "entity\entity.csproj", "{2F9CC131-0844-4D37-BC96-5027362E5B3C}"
EndProject
Project("{FAE04EC0-301F-11D3-BF4B-00C04F79EFBC}") = "business", "business\business.csproj", "{20039C8E-6B19-428E-82C5-17B0A48FBDC9}"
EndProject
Project("{FAE04EC0-301F-11D3-BF4B-00C04F79EFBC}") = "data", "data\data.csproj", "{BE6885CA-14FA-485C-815F-A10C901072B7}"
EndProject
Project("{FAE04EC0-301F-11D3-BF4B-00C04F79EFBC}") = "dto", "dto\dto.csproj", "{8DD25FF6-4CD3-4A4E-87AE-88AFE6583963}"
EndProject
Project("{FAE04EC0-301F-11D3-BF4B-00C04F79EFBC}") = "web", "web\web.csproj", "{1B9B4921-F81D-4E4A-8F80-E7AA8CDD0F4A}"
EndProject
Global
	GlobalSection(SolutionConfigurationPlatforms) = preSolution
		Debug|Any CPU = Debug|Any CPU
		Release|Any CPU = Release|Any CPU
	EndGlobalSection
	GlobalSection(ProjectConfigurationPlatforms) = postSolution
		{2F9CC131-0844-4D37-BC96-5027362E5B3C}.Debug|Any CPU.ActiveCfg = Debug|Any CPU
		{2F9CC131-0844-4D37-BC96-5027362E5B3C}.Debug|Any CPU.Build.0 = Debug|Any CPU
		{2F9CC131-0844-4D37-BC96-5027362E5B3C}.Release|Any CPU.ActiveCfg = Release|Any CPU
		{2F9CC131-0844-4D37-BC96-5027362E5B3C}.Release|Any CPU.Build.0 = Release|Any CPU
		{20039C8E-6B19-428E-82C5-17B0A48FBDC9}.Debug|Any CPU.ActiveCfg = Debug|Any CPU
		{20039C8E-6B19-428E-82C5-17B0A48FBDC9}.Debug|Any CPU.Build.0 = Debug|Any CPU
		{20039C8E-6B19-428E-82C5-17B0A48FBDC9}.Release|Any CPU.ActiveCfg = Release|Any CPU
		{20039C8E-6B19-428E-82C5-17B0A48FBDC9}.Release|Any CPU.Build.0 = Release|Any CPU
		{BE6885CA-14FA-485C-815F-A10C901072B7}.Debug|Any CPU.ActiveCfg = Debug|Any CPU
		{BE6885CA-14FA-485C-815F-A10C901072B7}.Debug|Any CPU.Build.0 = Debug|Any CPU
		{BE6885CA-14FA-485C-815F-A10C901072B7}.Release|Any CPU.ActiveCfg = Release|Any CPU
		{BE6885CA-14FA-485C-815F-A10C901072B7}.Release|Any CPU.Build.0 = Release|Any CPU
		{8DD25FF6-4CD3-4A4E-87AE-88AFE6583963}.Debug|Any CPU.ActiveCfg = Debug|Any CPU
		{8DD25FF6-4CD3-4A4E-87AE-88AFE6583963}.Debug|Any CPU.Build.0 = Debug|Any CPU
		{8DD25FF6-4CD3-4A4E-87AE-88AFE6583963}.Release|Any CPU.ActiveCfg = Release|Any CPU
		{8DD25FF6-4CD3-4A4E-87AE-88AFE6583963}.Release|Any CPU.Build.0 = Release|Any CPU
		{1B9B4921-F81D-4E4A-8F80-E7AA8CDD0F4A}.Debug|Any CPU.ActiveCfg = Debug|Any CPU
		{1B9B4921-F81D-4E4A-8F80-E7AA8CDD0F4A}.Debug|Any CPU.Build.0 = Debug|Any CPU
		{1B9B4921-F81D-4E4A-8F80-E7AA8CDD0F4A}.Release|Any CPU.ActiveCfg = Release|Any CPU
		{1B9B4921-F81D-4E4A-8F80-E7AA8CDD0F4A}.Release|Any CPU.Build.0 = Release|Any CPU
	EndGlobalSection
	GlobalSection(SolutionProperties) = preSolution
		HideSolutionNode = FALSE
	EndGlobalSection
	GlobalSection(ExtensibilityGlobals) = postSolution
		SolutionGuid = {0511EA56-0C6E-4006-8C84-924E125AC15C}
	EndGlobalSection
EndGlobal
